
Microsoft Visual Studio Solution File, Format Version 12.00
Project("{FAE04EC0-301F-11D3-BF4B-00C04F79EFBC}") = "FluidBGOperator", "FluidBGOperator\FluidBGOperator.csproj", "{101DBE1B-778B-4A0F-9244-EA1CF149E435}"
EndProject
Global
	GlobalSection(SolutionConfigurationPlatforms) = preSolution
		Debug|Any CPU = Debug|Any CPU
		Release|Any CPU = Release|Any CPU
	EndGlobalSection
	GlobalSection(ProjectConfigurationPlatforms) = postSolution
		{101DBE1B-778B-4A0F-9244-EA1CF149E435}.Debug|Any CPU.ActiveCfg = Debug|Any CPU
		{101DBE1B-778B-4A0F-9244-EA1CF149E435}.Debug|Any CPU.Build.0 = Debug|Any CPU
		{101DBE1B-778B-4A0F-9244-EA1CF149E435}.Release|Any CPU.ActiveCfg = Release|Any CPU
		{101DBE1B-778B-4A0F-9244-EA1CF149E435}.Release|Any CPU.Build.0 = Release|Any CPU
	EndGlobalSection
EndGlobal
